// !$*UTF8*$!
{
	archiveVersion = 1;
	classes = {
	};
	objectVersion = 77;
	objects = {

/* Begin PBXBuildFile section */
		23AD9EFE2CBD12E5000D3B8D /* FocusEntity in Frameworks */ = {isa = PBXBuildFile; productRef = 23AD9EFD2CBD12E5000D3B8D /* FocusEntity */; };
/* End PBXBuildFile section */

/* Begin PBXContainerItemProxy section */
		23AD9E882CBCDC69000D3B8D /* PBXContainerItemProxy */ = {
			isa = PBXContainerItemProxy;
			containerPortal = 23AD9E6F2CBCDC68000D3B8D /* Project object */;
			proxyType = 1;
			remoteGlobalIDString = 23AD9E762CBCDC68000D3B8D;
			remoteInfo = "Fear Exposure AR";
		};
		23AD9E922CBCDC69000D3B8D /* PBXContainerItemProxy */ = {
			isa = PBXContainerItemProxy;
			containerPortal = 23AD9E6F2CBCDC68000D3B8D /* Project object */;
			proxyType = 1;
			remoteGlobalIDString = 23AD9E762CBCDC68000D3B8D;
			remoteInfo = "Fear Exposure AR";
		};
/* End PBXContainerItemProxy section */

/* Begin PBXFileReference section */
		23AD9E772CBCDC68000D3B8D /* Fear Exposure AR.app */ = {isa = PBXFileReference; explicitFileType = wrapper.application; includeInIndex = 0; path = "Fear Exposure AR.app"; sourceTree = BUILT_PRODUCTS_DIR; };
		23AD9E872CBCDC69000D3B8D /* Fear Exposure ARTests.xctest */ = {isa = PBXFileReference; explicitFileType = wrapper.cfbundle; includeInIndex = 0; path = "Fear Exposure ARTests.xctest"; sourceTree = BUILT_PRODUCTS_DIR; };
		23AD9E912CBCDC69000D3B8D /* Fear Exposure ARUITests.xctest */ = {isa = PBXFileReference; explicitFileType = wrapper.cfbundle; includeInIndex = 0; path = "Fear Exposure ARUITests.xctest"; sourceTree = BUILT_PRODUCTS_DIR; };
/* End PBXFileReference section */

/* Begin PBXFileSystemSynchronizedRootGroup section */
		23AD9E792CBCDC68000D3B8D /* Fear Exposure AR */ = {
			isa = PBXFileSystemSynchronizedRootGroup;
			path = "Fear Exposure AR";
			sourceTree = "<group>";
		};
		23AD9E8A2CBCDC69000D3B8D /* Fear Exposure ARTests */ = {
			isa = PBXFileSystemSynchronizedRootGroup;
			path = "Fear Exposure ARTests";
			sourceTree = "<group>";
		};
		23AD9E942CBCDC69000D3B8D /* Fear Exposure ARUITests */ = {
			isa = PBXFileSystemSynchronizedRootGroup;
			path = "Fear Exposure ARUITests";
			sourceTree = "<group>";
		};
/* End PBXFileSystemSynchronizedRootGroup section */

/* Begin PBXFrameworksBuildPhase section */
		23AD9E742CBCDC68000D3B8D /* Frameworks */ = {
			isa = PBXFrameworksBuildPhase;
			buildActionMask = 2147483647;
			files = (
				23AD9EFE2CBD12E5000D3B8D /* FocusEntity in Frameworks */,
			);
			runOnlyForDeploymentPostprocessing = 0;
		};
		23AD9E842CBCDC69000D3B8D /* Frameworks */ = {
			isa = PBXFrameworksBuildPhase;
			buildActionMask = 2147483647;
			files = (
			);
			runOnlyForDeploymentPostprocessing = 0;
		};
		23AD9E8E2CBCDC69000D3B8D /* Frameworks */ = {
			isa = PBXFrameworksBuildPhase;
			buildActionMask = 2147483647;
			files = (
			);
			runOnlyForDeploymentPostprocessing = 0;
		};
/* End PBXFrameworksBuildPhase section */

/* Begin PBXGroup section */
		23AD9E6E2CBCDC68000D3B8D = {
			isa = PBXGroup;
			children = (
				23AD9E792CBCDC68000D3B8D /* Fear Exposure AR */,
				23AD9E8A2CBCDC69000D3B8D /* Fear Exposure ARTests */,
				23AD9E942CBCDC69000D3B8D /* Fear Exposure ARUITests */,
				23AD9EFC2CBD12E5000D3B8D /* Frameworks */,
				23AD9E782CBCDC68000D3B8D /* Products */,
			);
			sourceTree = "<group>";
		};
		23AD9E782CBCDC68000D3B8D /* Products */ = {
			isa = PBXGroup;
			children = (
				23AD9E772CBCDC68000D3B8D /* Fear Exposure AR.app */,
				23AD9E872CBCDC69000D3B8D /* Fear Exposure ARTests.xctest */,
				23AD9E912CBCDC69000D3B8D /* Fear Exposure ARUITests.xctest */,
			);
			name = Products;
			sourceTree = "<group>";
		};
		23AD9EFC2CBD12E5000D3B8D /* Frameworks */ = {
			isa = PBXGroup;
			children = (
			);
			name = Frameworks;
			sourceTree = "<group>";
		};
/* End PBXGroup section */

/* Begin PBXNativeTarget section */
		23AD9E762CBCDC68000D3B8D /* Fear Exposure AR */ = {
			isa = PBXNativeTarget;
			buildConfigurationList = 23AD9E9B2CBCDC69000D3B8D /* Build configuration list for PBXNativeTarget "Fear Exposure AR" */;
			buildPhases = (
				23AD9E732CBCDC68000D3B8D /* Sources */,
				23AD9E742CBCDC68000D3B8D /* Frameworks */,
				23AD9E752CBCDC68000D3B8D /* Resources */,
			);
			buildRules = (
			);
			dependencies = (
			);
			fileSystemSynchronizedGroups = (
				23AD9E792CBCDC68000D3B8D /* Fear Exposure AR */,
			);
			name = "Fear Exposure AR";
			packageProductDependencies = (
				23AD9EFD2CBD12E5000D3B8D /* FocusEntity */,
			);
			productName = "Fear Exposure AR";
			productReference = 23AD9E772CBCDC68000D3B8D /* Fear Exposure AR.app */;
			productType = "com.apple.product-type.application";
		};
		23AD9E862CBCDC69000D3B8D /* Fear Exposure ARTests */ = {
			isa = PBXNativeTarget;
			buildConfigurationList = 23AD9E9E2CBCDC69000D3B8D /* Build configuration list for PBXNativeTarget "Fear Exposure ARTests" */;
			buildPhases = (
				23AD9E832CBCDC69000D3B8D /* Sources */,
				23AD9E842CBCDC69000D3B8D /* Frameworks */,
				23AD9E852CBCDC69000D3B8D /* Resources */,
			);
			buildRules = (
			);
			dependencies = (
				23AD9E892CBCDC69000D3B8D /* PBXTargetDependency */,
			);
			fileSystemSynchronizedGroups = (
				23AD9E8A2CBCDC69000D3B8D /* Fear Exposure ARTests */,
			);
			name = "Fear Exposure ARTests";
			packageProductDependencies = (
			);
			productName = "Fear Exposure ARTests";
			productReference = 23AD9E872CBCDC69000D3B8D /* Fear Exposure ARTests.xctest */;
			productType = "com.apple.product-type.bundle.unit-test";
		};
		23AD9E902CBCDC69000D3B8D /* Fear Exposure ARUITests */ = {
			isa = PBXNativeTarget;
			buildConfigurationList = 23AD9EA12CBCDC69000D3B8D /* Build configuration list for PBXNativeTarget "Fear Exposure ARUITests" */;
			buildPhases = (
				23AD9E8D2CBCDC69000D3B8D /* Sources */,
				23AD9E8E2CBCDC69000D3B8D /* Frameworks */,
				23AD9E8F2CBCDC69000D3B8D /* Resources */,
			);
			buildRules = (
			);
			dependencies = (
				23AD9E932CBCDC69000D3B8D /* PBXTargetDependency */,
			);
			fileSystemSynchronizedGroups = (
				23AD9E942CBCDC69000D3B8D /* Fear Exposure ARUITests */,
			);
			name = "Fear Exposure ARUITests";
			packageProductDependencies = (
			);
			productName = "Fear Exposure ARUITests";
			productReference = 23AD9E912CBCDC69000D3B8D /* Fear Exposure ARUITests.xctest */;
			productType = "com.apple.product-type.bundle.ui-testing";
		};
/* End PBXNativeTarget section */

/* Begin PBXProject section */
		23AD9E6F2CBCDC68000D3B8D /* Project object */ = {
			isa = PBXProject;
			attributes = {
				BuildIndependentTargetsInParallel = 1;
				LastSwiftUpdateCheck = 1600;
				LastUpgradeCheck = 1600;
				TargetAttributes = {
					23AD9E762CBCDC68000D3B8D = {
						CreatedOnToolsVersion = 16.0;
					};
					23AD9E862CBCDC69000D3B8D = {
						CreatedOnToolsVersion = 16.0;
						TestTargetID = 23AD9E762CBCDC68000D3B8D;
					};
					23AD9E902CBCDC69000D3B8D = {
						CreatedOnToolsVersion = 16.0;
						TestTargetID = 23AD9E762CBCDC68000D3B8D;
					};
				};
			};
			buildConfigurationList = 23AD9E722CBCDC68000D3B8D /* Build configuration list for PBXProject "Fear Exposure AR" */;
			developmentRegion = en;
			hasScannedForEncodings = 0;
			knownRegions = (
				en,
				Base,
			);
			mainGroup = 23AD9E6E2CBCDC68000D3B8D;
			minimizedProjectReferenceProxies = 1;
			packageReferences = (
				23AD9EFB2CBD12BB000D3B8D /* XCRemoteSwiftPackageReference "FocusEntity" */,
			);
			preferredProjectObjectVersion = 77;
			productRefGroup = 23AD9E782CBCDC68000D3B8D /* Products */;
			projectDirPath = "";
			projectRoot = "";
			targets = (
				23AD9E762CBCDC68000D3B8D /* Fear Exposure AR */,
				23AD9E862CBCDC69000D3B8D /* Fear Exposure ARTests */,
				23AD9E902CBCDC69000D3B8D /* Fear Exposure ARUITests */,
			);
		};
/* End PBXProject section */

/* Begin PBXResourcesBuildPhase section */
		23AD9E752CBCDC68000D3B8D /* Resources */ = {
			isa = PBXResourcesBuildPhase;
			buildActionMask = 2147483647;
			files = (
			);
			runOnlyForDeploymentPostprocessing = 0;
		};
		23AD9E852CBCDC69000D3B8D /* Resources */ = {
			isa = PBXResourcesBuildPhase;
			buildActionMask = 2147483647;
			files = (
			);
			runOnlyForDeploymentPostprocessing = 0;
		};
		23AD9E8F2CBCDC69000D3B8D /* Resources */ = {
			isa = PBXResourcesBuildPhase;
			buildActionMask = 2147483647;
			files = (
			);
			runOnlyForDeploymentPostprocessing = 0;
		};
/* End PBXResourcesBuildPhase section */

/* Begin PBXSourcesBuildPhase section */
		23AD9E732CBCDC68000D3B8D /* Sources */ = {
			isa = PBXSourcesBuildPhase;
			buildActionMask = 2147483647;
			files = (
			);
			runOnlyForDeploymentPostprocessing = 0;
		};
		23AD9E832CBCDC69000D3B8D /* Sources */ = {
			isa = PBXSourcesBuildPhase;
			buildActionMask = 2147483647;
			files = (
			);
			runOnlyForDeploymentPostprocessing = 0;
		};
		23AD9E8D2CBCDC69000D3B8D /* Sources */ = {
			isa = PBXSourcesBuildPhase;
			buildActionMask = 2147483647;
			files = (
			);
			runOnlyForDeploymentPostprocessing = 0;
		};
/* End PBXSourcesBuildPhase section */

/* Begin PBXTargetDependency section */
		23AD9E892CBCDC69000D3B8D /* PBXTargetDependency */ = {
			isa = PBXTargetDependency;
			target = 23AD9E762CBCDC68000D3B8D /* Fear Exposure AR */;
			targetProxy = 23AD9E882CBCDC69000D3B8D /* PBXContainerItemProxy */;
		};
		23AD9E932CBCDC69000D3B8D /* PBXTargetDependency */ = {
			isa = PBXTargetDependency;
			target = 23AD9E762CBCDC68000D3B8D /* Fear Exposure AR */;
			targetProxy = 23AD9E922CBCDC69000D3B8D /* PBXContainerItemProxy */;
		};
/* End PBXTargetDependency section */

/* Begin XCBuildConfiguration section */
		23AD9E992CBCDC69000D3B8D /* Debug */ = {
			isa = XCBuildConfiguration;
			buildSettings = {
				ALWAYS_SEARCH_USER_PATHS = NO;
				ASSETCATALOG_COMPILER_GENERATE_SWIFT_ASSET_SYMBOL_EXTENSIONS = YES;
				CLANG_ANALYZER_NONNULL = YES;
				CLANG_ANALYZER_NUMBER_OBJECT_CONVERSION = YES_AGGRESSIVE;
				CLANG_CXX_LANGUAGE_STANDARD = "gnu++20";
				CLANG_ENABLE_MODULES = YES;
				CLANG_ENABLE_OBJC_ARC = YES;
				CLANG_ENABLE_OBJC_WEAK = YES;
				CLANG_WARN_BLOCK_CAPTURE_AUTORELEASING = YES;
				CLANG_WARN_BOOL_CONVERSION = YES;
				CLANG_WARN_COMMA = YES;
				CLANG_WARN_CONSTANT_CONVERSION = YES;
				CLANG_WARN_DEPRECATED_OBJC_IMPLEMENTATIONS = YES;
				CLANG_WARN_DIRECT_OBJC_ISA_USAGE = YES_ERROR;
				CLANG_WARN_DOCUMENTATION_COMMENTS = YES;
				CLANG_WARN_EMPTY_BODY = YES;
				CLANG_WARN_ENUM_CONVERSION = YES;
				CLANG_WARN_INFINITE_RECURSION = YES;
				CLANG_WARN_INT_CONVERSION = YES;
				CLANG_WARN_NON_LITERAL_NULL_CONVERSION = YES;
				CLANG_WARN_OBJC_IMPLICIT_RETAIN_SELF = YES;
				CLANG_WARN_OBJC_LITERAL_CONVERSION = YES;
				CLANG_WARN_OBJC_ROOT_CLASS = YES_ERROR;
				CLANG_WARN_QUOTED_INCLUDE_IN_FRAMEWORK_HEADER = YES;
				CLANG_WARN_RANGE_LOOP_ANALYSIS = YES;
				CLANG_WARN_STRICT_PROTOTYPES = YES;
				CLANG_WARN_SUSPICIOUS_MOVE = YES;
				CLANG_WARN_UNGUARDED_AVAILABILITY = YES_AGGRESSIVE;
				CLANG_WARN_UNREACHABLE_CODE = YES;
				CLANG_WARN__DUPLICATE_METHOD_MATCH = YES;
				COPY_PHASE_STRIP = NO;
				DEBUG_INFORMATION_FORMAT = dwarf;
				ENABLE_STRICT_OBJC_MSGSEND = YES;
				ENABLE_TESTABILITY = YES;
				ENABLE_USER_SCRIPT_SANDBOXING = YES;
				GCC_C_LANGUAGE_STANDARD = gnu17;
				GCC_DYNAMIC_NO_PIC = NO;
				GCC_NO_COMMON_BLOCKS = YES;
				GCC_OPTIMIZATION_LEVEL = 0;
				GCC_PREPROCESSOR_DEFINITIONS = (
					"DEBUG=1",
					"$(inherited)",
				);
				GCC_WARN_64_TO_32_BIT_CONVERSION = YES;
				GCC_WARN_ABOUT_RETURN_TYPE = YES_ERROR;
				GCC_WARN_UNDECLARED_SELECTOR = YES;
				GCC_WARN_UNINITIALIZED_AUTOS = YES_AGGRESSIVE;
				GCC_WARN_UNUSED_FUNCTION = YES;
				GCC_WARN_UNUSED_VARIABLE = YES;
				IPHONEOS_DEPLOYMENT_TARGET = 18.0;
				LOCALIZATION_PREFERS_STRING_CATALOGS = YES;
				MTL_ENABLE_DEBUG_INFO = INCLUDE_SOURCE;
				MTL_FAST_MATH = YES;
				ONLY_ACTIVE_ARCH = YES;
				SDKROOT = iphoneos;
				SWIFT_ACTIVE_COMPILATION_CONDITIONS = "DEBUG $(inherited)";
				SWIFT_OPTIMIZATION_LEVEL = "-Onone";
			};
			name = Debug;
		};
		23AD9E9A2CBCDC69000D3B8D /* Release */ = {
			isa = XCBuildConfiguration;
			buildSettings = {
				ALWAYS_SEARCH_USER_PATHS = NO;
				ASSETCATALOG_COMPILER_GENERATE_SWIFT_ASSET_SYMBOL_EXTENSIONS = YES;
				CLANG_ANALYZER_NONNULL = YES;
				CLANG_ANALYZER_NUMBER_OBJECT_CONVERSION = YES_AGGRESSIVE;
				CLANG_CXX_LANGUAGE_STANDARD = "gnu++20";
				CLANG_ENABLE_MODULES = YES;
				CLANG_ENABLE_OBJC_ARC = YES;
				CLANG_ENABLE_OBJC_WEAK = YES;
				CLANG_WARN_BLOCK_CAPTURE_AUTORELEASING = YES;
				CLANG_WARN_BOOL_CONVERSION = YES;
				CLANG_WARN_COMMA = YES;
				CLANG_WARN_CONSTANT_CONVERSION = YES;
				CLANG_WARN_DEPRECATED_OBJC_IMPLEMENTATIONS = YES;
				CLANG_WARN_DIRECT_OBJC_ISA_USAGE = YES_ERROR;
				CLANG_WARN_DOCUMENTATION_COMMENTS = YES;
				CLANG_WARN_EMPTY_BODY = YES;
				CLANG_WARN_ENUM_CONVERSION = YES;
				CLANG_WARN_INFINITE_RECURSION = YES;
				CLANG_WARN_INT_CONVERSION = YES;
				CLANG_WARN_NON_LITERAL_NULL_CONVERSION = YES;
				CLANG_WARN_OBJC_IMPLICIT_RETAIN_SELF = YES;
				CLANG_WARN_OBJC_LITERAL_CONVERSION = YES;
				CLANG_WARN_OBJC_ROOT_CLASS = YES_ERROR;
				CLANG_WARN_QUOTED_INCLUDE_IN_FRAMEWORK_HEADER = YES;
				CLANG_WARN_RANGE_LOOP_ANALYSIS = YES;
				CLANG_WARN_STRICT_PROTOTYPES = YES;
				CLANG_WARN_SUSPICIOUS_MOVE = YES;
				CLANG_WARN_UNGUARDED_AVAILABILITY = YES_AGGRESSIVE;
				CLANG_WARN_UNREACHABLE_CODE = YES;
				CLANG_WARN__DUPLICATE_METHOD_MATCH = YES;
				COPY_PHASE_STRIP = NO;
				DEBUG_INFORMATION_FORMAT = "dwarf-with-dsym";
				ENABLE_NS_ASSERTIONS = NO;
				ENABLE_STRICT_OBJC_MSGSEND = YES;
				ENABLE_USER_SCRIPT_SANDBOXING = YES;
				GCC_C_LANGUAGE_STANDARD = gnu17;
				GCC_NO_COMMON_BLOCKS = YES;
				GCC_WARN_64_TO_32_BIT_CONVERSION = YES;
				GCC_WARN_ABOUT_RETURN_TYPE = YES_ERROR;
				GCC_WARN_UNDECLARED_SELECTOR = YES;
				GCC_WARN_UNINITIALIZED_AUTOS = YES_AGGRESSIVE;
				GCC_WARN_UNUSED_FUNCTION = YES;
				GCC_WARN_UNUSED_VARIABLE = YES;
				IPHONEOS_DEPLOYMENT_TARGET = 18.0;
				LOCALIZATION_PREFERS_STRING_CATALOGS = YES;
				MTL_ENABLE_DEBUG_INFO = NO;
				MTL_FAST_MATH = YES;
				SDKROOT = iphoneos;
				SWIFT_COMPILATION_MODE = wholemodule;
				VALIDATE_PRODUCT = YES;
			};
			name = Release;
		};
		23AD9E9C2CBCDC69000D3B8D /* Debug */ = {
			isa = XCBuildConfiguration;
			buildSettings = {
				ASSETCATALOG_COMPILER_APPICON_NAME = AppIcon;
				ASSETCATALOG_COMPILER_GLOBAL_ACCENT_COLOR_NAME = AccentColor;
				CODE_SIGN_STYLE = Automatic;
				CURRENT_PROJECT_VERSION = 1;
				DEVELOPMENT_ASSET_PATHS = "\"Fear Exposure AR/Preview Content\"";
				DEVELOPMENT_TEAM = 4WSCC5Q69A;
				ENABLE_PREVIEWS = YES;
				GENERATE_INFOPLIST_FILE = YES;
				INFOPLIST_KEY_NSCameraUsageDescription = "";
				INFOPLIST_KEY_UIApplicationSceneManifest_Generation = YES;
				INFOPLIST_KEY_UIApplicationSupportsIndirectInputEvents = YES;
				INFOPLIST_KEY_UILaunchScreen_Generation = YES;
				INFOPLIST_KEY_UISupportedInterfaceOrientations_iPad = "UIInterfaceOrientationPortrait UIInterfaceOrientationPortraitUpsideDown UIInterfaceOrientationLandscapeLeft UIInterfaceOrientationLandscapeRight";
				INFOPLIST_KEY_UISupportedInterfaceOrientations_iPhone = "UIInterfaceOrientationPortrait UIInterfaceOrientationLandscapeLeft UIInterfaceOrientationLandscapeRight";
				INFOPLIST_KEY_UIUserInterfaceStyle = Light;
				IPHONEOS_DEPLOYMENT_TARGET = 18.0;
				LD_RUNPATH_SEARCH_PATHS = (
					"$(inherited)",
					"@executable_path/Frameworks",
				);
				MARKETING_VERSION = 1.0;
				PRODUCT_BUNDLE_IDENTIFIER = "dev.denxero.Fear-Exposure-AR";
				PRODUCT_NAME = "$(TARGET_NAME)";
				SWIFT_EMIT_LOC_STRINGS = YES;
				SWIFT_VERSION = 5.0;
				TARGETED_DEVICE_FAMILY = "1,2";
			};
			name = Debug;
		};
		23AD9E9D2CBCDC69000D3B8D /* Release */ = {
			isa = XCBuildConfiguration;
			buildSettings = {
				ASSETCATALOG_COMPILER_APPICON_NAME = AppIcon;
				ASSETCATALOG_COMPILER_GLOBAL_ACCENT_COLOR_NAME = AccentColor;
				CODE_SIGN_STYLE = Automatic;
				CURRENT_PROJECT_VERSION = 1;
				DEVELOPMENT_ASSET_PATHS = "\"Fear Exposure AR/Preview Content\"";
				DEVELOPMENT_TEAM = 4WSCC5Q69A;
				ENABLE_PREVIEWS = YES;
				GENERATE_INFOPLIST_FILE = YES;
				INFOPLIST_KEY_NSCameraUsageDescription = "";
				INFOPLIST_KEY_UIApplicationSceneManifest_Generation = YES;
				INFOPLIST_KEY_UIApplicationSupportsIndirectInputEvents = YES;
				INFOPLIST_KEY_UILaunchScreen_Generation = YES;
				INFOPLIST_KEY_UISupportedInterfaceOrientations_iPad = "UIInterfaceOrientationPortrait UIInterfaceOrientationPortraitUpsideDown UIInterfaceOrientationLandscapeLeft UIInterfaceOrientationLandscapeRight";
				INFOPLIST_KEY_UISupportedInterfaceOrientations_iPhone = "UIInterfaceOrientationPortrait UIInterfaceOrientationLandscapeLeft UIInterfaceOrientationLandscapeRight";
				INFOPLIST_KEY_UIUserInterfaceStyle = Light;
				IPHONEOS_DEPLOYMENT_TARGET = 18.0;
				LD_RUNPATH_SEARCH_PATHS = (
					"$(inherited)",
					"@executable_path/Frameworks",
				);
				MARKETING_VERSION = 1.0;
				PRODUCT_BUNDLE_IDENTIFIER = "dev.denxero.Fear-Exposure-AR";
				PRODUCT_NAME = "$(TARGET_NAME)";
				SWIFT_EMIT_LOC_STRINGS = YES;
				SWIFT_VERSION = 5.0;
				TARGETED_DEVICE_FAMILY = "1,2";
			};
			name = Release;
		};
		23AD9E9F2CBCDC69000D3B8D /* Debug */ = {
			isa = XCBuildConfiguration;
			buildSettings = {
				BUNDLE_LOADER = "$(TEST_HOST)";
				CODE_SIGN_STYLE = Automatic;
				CURRENT_PROJECT_VERSION = 1;
				DEVELOPMENT_TEAM = FG6WH2X4N7;
				GENERATE_INFOPLIST_FILE = YES;
				IPHONEOS_DEPLOYMENT_TARGET = 18.0;
				MARKETING_VERSION = 1.0;
				PRODUCT_BUNDLE_IDENTIFIER = "dev.denxero.Fear-Exposure-ARTests";
				PRODUCT_NAME = "$(TARGET_NAME)";
				SWIFT_EMIT_LOC_STRINGS = NO;
				SWIFT_VERSION = 5.0;
				TARGETED_DEVICE_FAMILY = "1,2";
				TEST_HOST = "$(BUILT_PRODUCTS_DIR)/Fear Exposure AR.app/$(BUNDLE_EXECUTABLE_FOLDER_PATH)/Fear Exposure AR";
			};
			name = Debug;
		};
		23AD9EA02CBCDC69000D3B8D /* Release */ = {
			isa = XCBuildConfiguration;
			buildSettings = {
				BUNDLE_LOADER = "$(TEST_HOST)";
				CODE_SIGN_STYLE = Automatic;
				CURRENT_PROJECT_VERSION = 1;
				DEVELOPMENT_TEAM = FG6WH2X4N7;
				GENERATE_INFOPLIST_FILE = YES;
				IPHONEOS_DEPLOYMENT_TARGET = 18.0;
				MARKETING_VERSION = 1.0;
				PRODUCT_BUNDLE_IDENTIFIER = "dev.denxero.Fear-Exposure-ARTests";
				PRODUCT_NAME = "$(TARGET_NAME)";
				SWIFT_EMIT_LOC_STRINGS = NO;
				SWIFT_VERSION = 5.0;
				TARGETED_DEVICE_FAMILY = "1,2";
				TEST_HOST = "$(BUILT_PRODUCTS_DIR)/Fear Exposure AR.app/$(BUNDLE_EXECUTABLE_FOLDER_PATH)/Fear Exposure AR";
			};
			name = Release;
		};
		23AD9EA22CBCDC69000D3B8D /* Debug */ = {
			isa = XCBuildConfiguration;
			buildSettings = {
				CODE_SIGN_STYLE = Automatic;
				CURRENT_PROJECT_VERSION = 1;
				DEVELOPMENT_TEAM = FG6WH2X4N7;
				GENERATE_INFOPLIST_FILE = YES;
				MARKETING_VERSION = 1.0;
				PRODUCT_BUNDLE_IDENTIFIER = "dev.denxero.Fear-Exposure-ARUITests";
				PRODUCT_NAME = "$(TARGET_NAME)";
				SWIFT_EMIT_LOC_STRINGS = NO;
				SWIFT_VERSION = 5.0;
				TARGETED_DEVICE_FAMILY = "1,2";
				TEST_TARGET_NAME = "Fear Exposure AR";
			};
			name = Debug;
		};
		23AD9EA32CBCDC69000D3B8D /* Release */ = {
			isa = XCBuildConfiguration;
			buildSettings = {
				CODE_SIGN_STYLE = Automatic;
				CURRENT_PROJECT_VERSION = 1;
				DEVELOPMENT_TEAM = FG6WH2X4N7;
				GENERATE_INFOPLIST_FILE = YES;
				MARKETING_VERSION = 1.0;
				PRODUCT_BUNDLE_IDENTIFIER = "dev.denxero.Fear-Exposure-ARUITests";
				PRODUCT_NAME = "$(TARGET_NAME)";
				SWIFT_EMIT_LOC_STRINGS = NO;
				SWIFT_VERSION = 5.0;
				TARGETED_DEVICE_FAMILY = "1,2";
				TEST_TARGET_NAME = "Fear Exposure AR";
			};
			name = Release;
		};
/* End XCBuildConfiguration section */

/* Begin XCConfigurationList section */
		23AD9E722CBCDC68000D3B8D /* Build configuration list for PBXProject "Fear Exposure AR" */ = {
			isa = XCConfigurationList;
			buildConfigurations = (
				23AD9E992CBCDC69000D3B8D /* Debug */,
				23AD9E9A2CBCDC69000D3B8D /* Release */,
			);
			defaultConfigurationIsVisible = 0;
			defaultConfigurationName = Release;
		};
		23AD9E9B2CBCDC69000D3B8D /* Build configuration list for PBXNativeTarget "Fear Exposure AR" */ = {
			isa = XCConfigurationList;
			buildConfigurations = (
				23AD9E9C2CBCDC69000D3B8D /* Debug */,
				23AD9E9D2CBCDC69000D3B8D /* Release */,
			);
			defaultConfigurationIsVisible = 0;
			defaultConfigurationName = Release;
		};
		23AD9E9E2CBCDC69000D3B8D /* Build configuration list for PBXNativeTarget "Fear Exposure ARTests" */ = {
			isa = XCConfigurationList;
			buildConfigurations = (
				23AD9E9F2CBCDC69000D3B8D /* Debug */,
				23AD9EA02CBCDC69000D3B8D /* Release */,
			);
			defaultConfigurationIsVisible = 0;
			defaultConfigurationName = Release;
		};
		23AD9EA12CBCDC69000D3B8D /* Build configuration list for PBXNativeTarget "Fear Exposure ARUITests" */ = {
			isa = XCConfigurationList;
			buildConfigurations = (
				23AD9EA22CBCDC69000D3B8D /* Debug */,
				23AD9EA32CBCDC69000D3B8D /* Release */,
			);
			defaultConfigurationIsVisible = 0;
			defaultConfigurationName = Release;
		};
/* End XCConfigurationList section */

/* Begin XCRemoteSwiftPackageReference section */
		23AD9EFB2CBD12BB000D3B8D /* XCRemoteSwiftPackageReference "FocusEntity" */ = {
			isa = XCRemoteSwiftPackageReference;
			repositoryURL = "https://github.com/maxxfrazer/FocusEntity.git";
			requirement = {
				kind = upToNextMajorVersion;
				minimumVersion = 2.5.1;
			};
		};
/* End XCRemoteSwiftPackageReference section */

/* Begin XCSwiftPackageProductDependency section */
		23AD9EFD2CBD12E5000D3B8D /* FocusEntity */ = {
			isa = XCSwiftPackageProductDependency;
			package = 23AD9EFB2CBD12BB000D3B8D /* XCRemoteSwiftPackageReference "FocusEntity" */;
			productName = FocusEntity;
		};
/* End XCSwiftPackageProductDependency section */
	};
	rootObject = 23AD9E6F2CBCDC68000D3B8D /* Project object */;
}
